<Solution>
  <Project Path="../../../../../../../Parent project code/Parent project code/LeapYearCalculatorLib/LeapYearCalculatorLib.Tests/LeapYearCalculatorLib.Tests.csproj" />
  <Project Path="../../../../../../../Parent project code/Parent project code/LeapYearCalculatorLib/LeapYearCalculatorLib/LeapYearCalculatorLib.csproj" />
</Solution>
