<Solution>
  <Project Path="../../../../../../../Parent project code/Parent project code/AccountsManagerLib/AccountsManagerLib.Tests/AccountsManagerLib.Tests.csproj" />
  <Project Path="../../../../../../../Parent project code/Parent project code/AccountsManagerLib/AccountsManagerLib/AccountsManagerLib.csproj" />
</Solution>
