<Solution>
  <Project Path="../../../../../../../Parent project code/Parent project code/UserManagerLib/UserManagerLib.Tests/UserManagerLib.Tests.csproj" />
  <Project Path="../../../../../../../Parent project code/Parent project code/UserManagerLib/UserManagerLib/UserManagerLib.csproj" />
</Solution>
